
Microsoft Visual Studio Solution File, Format Version 12.00
# Visual Studio Version 16
VisualStudioVersion = 16.0.31025.194
MinimumVisualStudioVersion = 10.0.40219.1
Project("{8BC9CEB8-8B4A-11D0-8D11-00A0C91BC942}") = "01-CreateWindow", "Tutorials\01-CreateWindow\01-CreateWindow.vcxproj", "{70624B07-6050-4BB7-BBBB-0AF66D3B99C8}"
EndProject
Project("{8BC9CEB8-8B4A-11D0-8D11-00A0C91BC942}") = "Framework", "Framework\Framework.vcxproj", "{3B602F0E-3834-4F73-B97D-7DFC91597A98}"
EndProject
Project("{8BC9CEB8-8B4A-11D0-8D11-00A0C91BC942}") = "02-InitDXR", "Tutorials\02-InitDXR\02-InitDXR.vcxproj", "{69C72C71-F83D-4C3F-A9C2-A1A6D75F57CB}"
EndProject
Project("{8BC9CEB8-8B4A-11D0-8D11-00A0C91BC942}") = "03-AccelerationStructure", "Tutorials\03-AccelerationStructure\03-AccelerationStructure.vcxproj", "{C01C1C02-26AE-4221-AFF4-54F601FC676C}"
EndProject
Project("{8BC9CEB8-8B4A-11D0-8D11-00A0C91BC942}") = "04-RtPipelineState", "Tutorials\04-RtPipelineState\04-RtPipelineState.vcxproj", "{DD7FAE26-C4FB-4DD5-9B09-051E528A145A}"
EndProject
Project("{8BC9CEB8-8B4A-11D0-8D11-00A0C91BC942}") = "05-ShaderTable", "Tutorials\05-ShaderTable\05-ShaderTable.vcxproj", "{2462132C-9878-494B-9F77-DFEFF7C76AD0}"
EndProject
Project("{8BC9CEB8-8B4A-11D0-8D11-00A0C91BC942}") = "06-Raytrace", "Tutorials\06-Raytrace\06-Raytrace.vcxproj", "{1D7C4FB1-9C77-45C3-8468-672C64CB1482}"
EndProject
Project("{8BC9CEB8-8B4A-11D0-8D11-00A0C91BC942}") = "07-BasicShaders", "Tutorials\07-BasicShaders\07-BasicShaders.vcxproj", "{17173440-1B36-4A67-B729-5069E5735052}"
EndProject
Project("{8BC9CEB8-8B4A-11D0-8D11-00A0C91BC942}") = "15-Primitive", "Tutorials\15-Primitive\15-Primitive.vcxproj", "{3BA75BE4-F314-4885-A4C2-A054758553FD}"
EndProject
Project("{8BC9CEB8-8B4A-11D0-8D11-00A0C91BC942}") = "16-Light", "Tutorials\16-Light\16-Light.vcxproj", "{C207900B-07C7-4865-9B7F-070C40C6611D}"
EndProject
Project("{8BC9CEB8-8B4A-11D0-8D11-00A0C91BC942}") = "18-Shadow", "Tutorials\18-Shadow\18-Shadow.vcxproj", "{993BBCD1-BD7C-4A0F-AD80-E93E7DC4F9A1}"
EndProject
Global
	GlobalSection(SolutionConfigurationPlatforms) = preSolution
		Debug|x64 = Debug|x64
		Release|x64 = Release|x64
	EndGlobalSection
	GlobalSection(ProjectConfigurationPlatforms) = postSolution
		{70624B07-6050-4BB7-BBBB-0AF66D3B99C8}.Debug|x64.ActiveCfg = Debug|x64
		{70624B07-6050-4BB7-BBBB-0AF66D3B99C8}.Debug|x64.Build.0 = Debug|x64
		{70624B07-6050-4BB7-BBBB-0AF66D3B99C8}.Release|x64.ActiveCfg = Release|x64
		{70624B07-6050-4BB7-BBBB-0AF66D3B99C8}.Release|x64.Build.0 = Release|x64
		{3B602F0E-3834-4F73-B97D-7DFC91597A98}.Debug|x64.ActiveCfg = Debug|x64
		{3B602F0E-3834-4F73-B97D-7DFC91597A98}.Debug|x64.Build.0 = Debug|x64
		{3B602F0E-3834-4F73-B97D-7DFC91597A98}.Release|x64.ActiveCfg = Release|x64
		{3B602F0E-3834-4F73-B97D-7DFC91597A98}.Release|x64.Build.0 = Release|x64
		{69C72C71-F83D-4C3F-A9C2-A1A6D75F57CB}.Debug|x64.ActiveCfg = Debug|x64
		{69C72C71-F83D-4C3F-A9C2-A1A6D75F57CB}.Debug|x64.Build.0 = Debug|x64
		{69C72C71-F83D-4C3F-A9C2-A1A6D75F57CB}.Release|x64.ActiveCfg = Release|x64
		{69C72C71-F83D-4C3F-A9C2-A1A6D75F57CB}.Release|x64.Build.0 = Release|x64
		{C01C1C02-26AE-4221-AFF4-54F601FC676C}.Debug|x64.ActiveCfg = Debug|x64
		{C01C1C02-26AE-4221-AFF4-54F601FC676C}.Debug|x64.Build.0 = Debug|x64
		{C01C1C02-26AE-4221-AFF4-54F601FC676C}.Release|x64.ActiveCfg = Release|x64
		{C01C1C02-26AE-4221-AFF4-54F601FC676C}.Release|x64.Build.0 = Release|x64
		{DD7FAE26-C4FB-4DD5-9B09-051E528A145A}.Debug|x64.ActiveCfg = Debug|x64
		{DD7FAE26-C4FB-4DD5-9B09-051E528A145A}.Debug|x64.Build.0 = Debug|x64
		{DD7FAE26-C4FB-4DD5-9B09-051E528A145A}.Release|x64.ActiveCfg = Release|x64
		{DD7FAE26-C4FB-4DD5-9B09-051E528A145A}.Release|x64.Build.0 = Release|x64
		{2462132C-9878-494B-9F77-DFEFF7C76AD0}.Debug|x64.ActiveCfg = Debug|x64
		{2462132C-9878-494B-9F77-DFEFF7C76AD0}.Debug|x64.Build.0 = Debug|x64
		{2462132C-9878-494B-9F77-DFEFF7C76AD0}.Release|x64.ActiveCfg = Release|x64
		{2462132C-9878-494B-9F77-DFEFF7C76AD0}.Release|x64.Build.0 = Release|x64
		{1D7C4FB1-9C77-45C3-8468-672C64CB1482}.Debug|x64.ActiveCfg = Debug|x64
		{1D7C4FB1-9C77-45C3-8468-672C64CB1482}.Debug|x64.Build.0 = Debug|x64
		{1D7C4FB1-9C77-45C3-8468-672C64CB1482}.Release|x64.ActiveCfg = Release|x64
		{1D7C4FB1-9C77-45C3-8468-672C64CB1482}.Release|x64.Build.0 = Release|x64
		{17173440-1B36-4A67-B729-5069E5735052}.Debug|x64.ActiveCfg = Debug|x64
		{17173440-1B36-4A67-B729-5069E5735052}.Debug|x64.Build.0 = Debug|x64
		{17173440-1B36-4A67-B729-5069E5735052}.Release|x64.ActiveCfg = Release|x64
		{17173440-1B36-4A67-B729-5069E5735052}.Release|x64.Build.0 = Release|x64
		{3BA75BE4-F314-4885-A4C2-A054758553FD}.Debug|x64.ActiveCfg = Debug|x64
		{3BA75BE4-F314-4885-A4C2-A054758553FD}.Debug|x64.Build.0 = Debug|x64
		{3BA75BE4-F314-4885-A4C2-A054758553FD}.Release|x64.ActiveCfg = Release|x64
		{3BA75BE4-F314-4885-A4C2-A054758553FD}.Release|x64.Build.0 = Release|x64
		{C207900B-07C7-4865-9B7F-070C40C6611D}.Debug|x64.ActiveCfg = Debug|x64
		{C207900B-07C7-4865-9B7F-070C40C6611D}.Debug|x64.Build.0 = Debug|x64
		{C207900B-07C7-4865-9B7F-070C40C6611D}.Release|x64.ActiveCfg = Release|x64
		{C207900B-07C7-4865-9B7F-070C40C6611D}.Release|x64.Build.0 = Release|x64
		{993BBCD1-BD7C-4A0F-AD80-E93E7DC4F9A1}.Debug|x64.ActiveCfg = Debug|x64
		{993BBCD1-BD7C-4A0F-AD80-E93E7DC4F9A1}.Debug|x64.Build.0 = Debug|x64
		{993BBCD1-BD7C-4A0F-AD80-E93E7DC4F9A1}.Release|x64.ActiveCfg = Release|x64
		{993BBCD1-BD7C-4A0F-AD80-E93E7DC4F9A1}.Release|x64.Build.0 = Release|x64
	EndGlobalSection
	GlobalSection(SolutionProperties) = preSolution
		HideSolutionNode = FALSE
	EndGlobalSection
	GlobalSection(ExtensibilityGlobals) = postSolution
		SolutionGuid = {2D0ABB17-EB39-45EB-9685-A9B0D9620CE7}
	EndGlobalSection
EndGlobal
